<?xml version="1.0" encoding="utf-8"?>
<Project ToolsVersion="4.0" xmlns="http://schemas.microsoft.com/developer/msbuild/2003">
  <ItemGroup>
    <Filter Include="ソース ファイル">
      <UniqueIdentifier>{4FC737F1-C7A5-4376-A066-2A32D752A2FF}</UniqueIdentifier>
      <Extensions>cpp;c;cc;cxx;c++;def;odl;idl;hpj;bat;asm;asmx</Extensions>
    </Filter>
    <Filter Include="ヘッダー ファイル">
      <UniqueIdentifier>{93995380-89BD-4b04-88EB-625FBE52EBFB}</UniqueIdentifier>
      <Extensions>h;hh;hpp;hxx;h++;hm;inl;inc;ipp;xsd</Extensions>
    </Filter>
    <Filter Include="リソース ファイル">
      <UniqueIdentifier>{67DA6AB6-F800-4c08-8B7A-83BB121AAD01}</UniqueIdentifier>
      <Extensions>rc;ico;cur;bmp;dlg;rc2;rct;bin;rgs;gif;jpg;jpeg;jpe;resx;tiff;tif;png;wav;mfcribbon-ms</Extensions>
    </Filter>
    <Filter Include="lib">
      <UniqueIdentifier>{1eb6b817-9eef-4cba-b644-839e9918c3ab}</UniqueIdentifier>
    </Filter>
    <Filter Include="lib\json11">
      <UniqueIdentifier>{6ebb40f7-2101-4332-a43f-5d1471a528cb}</UniqueIdentifier>
    </Filter>
  </ItemGroup>
  <ItemGroup>
    <ClCompile Include="..\src\accel.cc">
      <Filter>ソース ファイル</Filter>
    </ClCompile>
    <ClCompile Include="..\src\geometry.cc">
      <Filter>ソース ファイル</Filter>
    </ClCompile>
    <ClCompile Include="..\src\global.cc">
      <Filter>ソース ファイル</Filter>
    </ClCompile>
    <ClCompile Include="..\src\logger.cc">
      <Filter>ソース ファイル</Filter>
    </ClCompile>
    <ClCompile Include="..\src\main.cc">
      <Filter>ソース ファイル</Filter>
    </ClCompile>
    <ClCompile Include="..\src\parser.cc">
      <Filter>ソース ファイル</Filter>
    </ClCompile>
    <ClCompile Include="..\src\raytrace.cc">
      <Filter>ソース ファイル</Filter>
    </ClCompile>
    <ClCompile Include="..\src\vector3d.cc">
      <Filter>ソース ファイル</Filter>
    </ClCompile>
    <ClCompile Include="..\src\stat.cc">
      <Filter>ソース ファイル</Filter>
    </ClCompile>
    <ClCompile Include="..\lib\json11\json11.cpp">
      <Filter>lib\json11</Filter>
    </ClCompile>
  </ItemGroup>
  <ItemGroup>
    <ClInclude Include="..\src\stat.h">
      <Filter>ヘッダー ファイル</Filter>
    </ClInclude>
    <ClInclude Include="..\src\accel.h">
      <Filter>ヘッダー ファイル</Filter>
    </ClInclude>
    <ClInclude Include="..\src\constant.h">
      <Filter>ヘッダー ファイル</Filter>
    </ClInclude>
    <ClInclude Include="..\src\exception.h">
      <Filter>ヘッダー ファイル</Filter>
    </ClInclude>
    <ClInclude Include="..\src\geometry.h">
      <Filter>ヘッダー ファイル</Filter>
    </ClInclude>
    <ClInclude Include="..\src\global.h">
      <Filter>ヘッダー ファイル</Filter>
    </ClInclude>
    <ClInclude Include="..\src\image.h">
      <Filter>ヘッダー ファイル</Filter>
    </ClInclude>
    <ClInclude Include="..\src\logger.h">
      <Filter>ヘッダー ファイル</Filter>
    </ClInclude>
    <ClInclude Include="..\src\parser.h">
      <Filter>ヘッダー ファイル</Filter>
    </ClInclude>
    <ClInclude Include="..\src\raytrace.h">
      <Filter>ヘッダー ファイル</Filter>
    </ClInclude>
    <ClInclude Include="..\src\vector3d.h">
      <Filter>ヘッダー ファイル</Filter>
    </ClInclude>
    <ClInclude Include="..\lib\json11\json11.hpp">
      <Filter>lib\json11</Filter>
    </ClInclude>
  </ItemGroup>
  <ItemGroup>
    <None Include="..\src\image.tcc">
      <Filter>ヘッダー ファイル</Filter>
    </None>
  </ItemGroup>
</Project>